
Microsoft Visual Studio Solution File, Format Version 12.00
# Visual Studio 14
VisualStudioVersion = 14.0.25420.1
MinimumVisualStudioVersion = 10.0.40219.1
Project("{2150E333-8FDC-42A3-9474-1A3956D46DE8}") = "src", "src", "{933B2D97-741A-4E1F-99FD-E5641ABCC09F}"
EndProject
Project("{2150E333-8FDC-42A3-9474-1A3956D46DE8}") = "001 - Domain", "001 - Domain", "{977310CE-8762-4D69-A391-27CE1FDC94CD}"
EndProject
Project("{2150E333-8FDC-42A3-9474-1A3956D46DE8}") = "Entities", "Entities", "{B25FB94E-8000-4CC2-B275-6654549B0F26}"
EndProject
Project("{8BB2217D-0F2D-49D1-97BC-3654ED321F3B}") = "Jomaya.AutoService.Entities", "Jomaya.AutoService\src\001 - Domain\Entities\Jomaya.AutoService.Entities\Jomaya.AutoService.Entities.xproj", "{E9805FE3-86DB-4D01-97F7-95D1AAFFBFAF}"
EndProject
Project("{2150E333-8FDC-42A3-9474-1A3956D46DE8}") = "Services", "Services", "{EA79232D-2A00-4F1C-9AA3-D547CDC91D9D}"
EndProject
Project("{8BB2217D-0F2D-49D1-97BC-3654ED321F3B}") = "Jomaya.AutoService.Services", "Jomaya.AutoService\src\001 - Domain\Services\Jomaya.AutoService.Services\Jomaya.AutoService.Services.xproj", "{4090553D-B919-4084-A1A7-8E71E8B64EA8}"
EndProject
Project("{2150E333-8FDC-42A3-9474-1A3956D46DE8}") = "002 - Infrastructure", "002 - Infrastructure", "{271E95E8-451B-4A7F-BA4C-91D4BBBB1675}"
EndProject
Project("{8BB2217D-0F2D-49D1-97BC-3654ED321F3B}") = "Jomaya.AutoService.Infrastructure", "Jomaya.AutoService\src\002 - Infrastructure\Jomaya.AutoService.Infrastructure\Jomaya.AutoService.Infrastructure.xproj", "{835E7DD0-C160-44BD-80E8-6B3865669881}"
EndProject
Project("{2150E333-8FDC-42A3-9474-1A3956D46DE8}") = "003 - Facade", "003 - Facade", "{5C1BAC8E-06BE-4DED-B27F-F382B7DAEF51}"
EndProject
Project("{8BB2217D-0F2D-49D1-97BC-3654ED321F3B}") = "Jomaya.AutoService.Facade", "Jomaya.AutoService\src\003 - Facade\Jomaya.AutoService.Facade\Jomaya.AutoService.Facade.xproj", "{0BD19F82-C1D9-4FA0-A57E-2FFB8362F4F0}"
EndProject
Project("{2150E333-8FDC-42A3-9474-1A3956D46DE8}") = "test", "test", "{E3A538AC-D98A-4B57-91BC-EC86E69B0CE9}"
EndProject
Project("{2150E333-8FDC-42A3-9474-1A3956D46DE8}") = "Domain.Test", "Domain.Test", "{BC2E97E3-368B-4504-A020-5A102F584D49}"
EndProject
Project("{8BB2217D-0F2D-49D1-97BC-3654ED321F3B}") = "Jomaya.AutoService.001 - Domain.Test", "Jomaya.AutoService\test\Domain.Test\Jomaya.AutoService.001 - Domain.Test\Jomaya.AutoService.001 - Domain.Test.xproj", "{ECCAB0BC-D89D-4C4E-B0FD-DB98B035E207}"
EndProject
Project("{2150E333-8FDC-42A3-9474-1A3956D46DE8}") = "Infrastructure.Test", "Infrastructure.Test", "{E4AA7579-B2A6-4F2B-93EB-08D58F4157DA}"
EndProject
Project("{8BB2217D-0F2D-49D1-97BC-3654ED321F3B}") = "Jomaya.AutoService.002 - Infrastructure.Test", "Jomaya.AutoService\test\Infrastructure.Test\Jomaya.AutoService.002 - Infrastructure.Test\Jomaya.AutoService.002 - Infrastructure.Test.xproj", "{996EEAAB-309C-42D8-9030-2BC8C1E39A2B}"
EndProject
Project("{2150E333-8FDC-42A3-9474-1A3956D46DE8}") = "Solution Items", "Solution Items", "{81A0A516-8771-4BBB-9A50-7D10A9CE06BA}"
	ProjectSection(SolutionItems) = preProject
		global.json = global.json
	EndProjectSection
EndProject
Project("{8BB2217D-0F2D-49D1-97BC-3654ED321F3B}") = "Jomaya.AutoService.Incoming", "Jomaya.AutoService\src\004 - Incoming\Jomaya.AutoService.Incoming\Jomaya.AutoService.Incoming.xproj", "{40B041FA-25E0-4879-B64A-17C5AF48FD66}"
EndProject
Project("{8BB2217D-0F2D-49D1-97BC-3654ED321F3B}") = "Jomaya.AutoService.Outgoing", "Jomaya.AutoService\src\005 - Outgoing\Jomaya.AutoService.Outgoing\Jomaya.AutoService.Outgoing.xproj", "{C515ED9D-F0A1-44EB-8723-2F5D0CBF57F6}"
EndProject
Project("{2150E333-8FDC-42A3-9474-1A3956D46DE8}") = "Integration.Test", "Integration.Test", "{EAAFB353-82D5-46AB-9EFC-585C75144301}"
EndProject
Project("{8BB2217D-0F2D-49D1-97BC-3654ED321F3B}") = "Jomaya.AutoService.Integration.Test", "Jomaya.AutoService.Integration.Test\Jomaya.AutoService.Integration.Test.xproj", "{99A14E70-0CBA-4E6F-A191-A43BC778C7AD}"
EndProject
Global
	GlobalSection(SolutionConfigurationPlatforms) = preSolution
		Debug|Any CPU = Debug|Any CPU
		Release|Any CPU = Release|Any CPU
	EndGlobalSection
	GlobalSection(ProjectConfigurationPlatforms) = postSolution
		{E9805FE3-86DB-4D01-97F7-95D1AAFFBFAF}.Debug|Any CPU.ActiveCfg = Debug|Any CPU
		{E9805FE3-86DB-4D01-97F7-95D1AAFFBFAF}.Debug|Any CPU.Build.0 = Debug|Any CPU
		{E9805FE3-86DB-4D01-97F7-95D1AAFFBFAF}.Release|Any CPU.ActiveCfg = Release|Any CPU
		{E9805FE3-86DB-4D01-97F7-95D1AAFFBFAF}.Release|Any CPU.Build.0 = Release|Any CPU
		{4090553D-B919-4084-A1A7-8E71E8B64EA8}.Debug|Any CPU.ActiveCfg = Debug|Any CPU
		{4090553D-B919-4084-A1A7-8E71E8B64EA8}.Debug|Any CPU.Build.0 = Debug|Any CPU
		{4090553D-B919-4084-A1A7-8E71E8B64EA8}.Release|Any CPU.ActiveCfg = Release|Any CPU
		{4090553D-B919-4084-A1A7-8E71E8B64EA8}.Release|Any CPU.Build.0 = Release|Any CPU
		{835E7DD0-C160-44BD-80E8-6B3865669881}.Debug|Any CPU.ActiveCfg = Debug|Any CPU
		{835E7DD0-C160-44BD-80E8-6B3865669881}.Debug|Any CPU.Build.0 = Debug|Any CPU
		{835E7DD0-C160-44BD-80E8-6B3865669881}.Release|Any CPU.ActiveCfg = Release|Any CPU
		{835E7DD0-C160-44BD-80E8-6B3865669881}.Release|Any CPU.Build.0 = Release|Any CPU
		{0BD19F82-C1D9-4FA0-A57E-2FFB8362F4F0}.Debug|Any CPU.ActiveCfg = Debug|Any CPU
		{0BD19F82-C1D9-4FA0-A57E-2FFB8362F4F0}.Debug|Any CPU.Build.0 = Debug|Any CPU
		{0BD19F82-C1D9-4FA0-A57E-2FFB8362F4F0}.Release|Any CPU.ActiveCfg = Release|Any CPU
		{0BD19F82-C1D9-4FA0-A57E-2FFB8362F4F0}.Release|Any CPU.Build.0 = Release|Any CPU
		{ECCAB0BC-D89D-4C4E-B0FD-DB98B035E207}.Debug|Any CPU.ActiveCfg = Debug|Any CPU
		{ECCAB0BC-D89D-4C4E-B0FD-DB98B035E207}.Debug|Any CPU.Build.0 = Debug|Any CPU
		{ECCAB0BC-D89D-4C4E-B0FD-DB98B035E207}.Release|Any CPU.ActiveCfg = Release|Any CPU
		{ECCAB0BC-D89D-4C4E-B0FD-DB98B035E207}.Release|Any CPU.Build.0 = Release|Any CPU
		{996EEAAB-309C-42D8-9030-2BC8C1E39A2B}.Debug|Any CPU.ActiveCfg = Debug|Any CPU
		{996EEAAB-309C-42D8-9030-2BC8C1E39A2B}.Debug|Any CPU.Build.0 = Debug|Any CPU
		{996EEAAB-309C-42D8-9030-2BC8C1E39A2B}.Release|Any CPU.ActiveCfg = Release|Any CPU
		{996EEAAB-309C-42D8-9030-2BC8C1E39A2B}.Release|Any CPU.Build.0 = Release|Any CPU
		{40B041FA-25E0-4879-B64A-17C5AF48FD66}.Debug|Any CPU.ActiveCfg = Debug|Any CPU
		{40B041FA-25E0-4879-B64A-17C5AF48FD66}.Debug|Any CPU.Build.0 = Debug|Any CPU
		{40B041FA-25E0-4879-B64A-17C5AF48FD66}.Release|Any CPU.ActiveCfg = Release|Any CPU
		{40B041FA-25E0-4879-B64A-17C5AF48FD66}.Release|Any CPU.Build.0 = Release|Any CPU
		{C515ED9D-F0A1-44EB-8723-2F5D0CBF57F6}.Debug|Any CPU.ActiveCfg = Debug|Any CPU
		{C515ED9D-F0A1-44EB-8723-2F5D0CBF57F6}.Debug|Any CPU.Build.0 = Debug|Any CPU
		{C515ED9D-F0A1-44EB-8723-2F5D0CBF57F6}.Release|Any CPU.ActiveCfg = Release|Any CPU
		{C515ED9D-F0A1-44EB-8723-2F5D0CBF57F6}.Release|Any CPU.Build.0 = Release|Any CPU
		{99A14E70-0CBA-4E6F-A191-A43BC778C7AD}.Debug|Any CPU.ActiveCfg = Debug|Any CPU
		{99A14E70-0CBA-4E6F-A191-A43BC778C7AD}.Debug|Any CPU.Build.0 = Debug|Any CPU
		{99A14E70-0CBA-4E6F-A191-A43BC778C7AD}.Release|Any CPU.ActiveCfg = Release|Any CPU
		{99A14E70-0CBA-4E6F-A191-A43BC778C7AD}.Release|Any CPU.Build.0 = Release|Any CPU
	EndGlobalSection
	GlobalSection(SolutionProperties) = preSolution
		HideSolutionNode = FALSE
	EndGlobalSection
	GlobalSection(NestedProjects) = preSolution
		{977310CE-8762-4D69-A391-27CE1FDC94CD} = {933B2D97-741A-4E1F-99FD-E5641ABCC09F}
		{B25FB94E-8000-4CC2-B275-6654549B0F26} = {977310CE-8762-4D69-A391-27CE1FDC94CD}
		{E9805FE3-86DB-4D01-97F7-95D1AAFFBFAF} = {B25FB94E-8000-4CC2-B275-6654549B0F26}
		{EA79232D-2A00-4F1C-9AA3-D547CDC91D9D} = {977310CE-8762-4D69-A391-27CE1FDC94CD}
		{4090553D-B919-4084-A1A7-8E71E8B64EA8} = {EA79232D-2A00-4F1C-9AA3-D547CDC91D9D}
		{271E95E8-451B-4A7F-BA4C-91D4BBBB1675} = {933B2D97-741A-4E1F-99FD-E5641ABCC09F}
		{835E7DD0-C160-44BD-80E8-6B3865669881} = {271E95E8-451B-4A7F-BA4C-91D4BBBB1675}
		{5C1BAC8E-06BE-4DED-B27F-F382B7DAEF51} = {933B2D97-741A-4E1F-99FD-E5641ABCC09F}
		{0BD19F82-C1D9-4FA0-A57E-2FFB8362F4F0} = {5C1BAC8E-06BE-4DED-B27F-F382B7DAEF51}
		{BC2E97E3-368B-4504-A020-5A102F584D49} = {E3A538AC-D98A-4B57-91BC-EC86E69B0CE9}
		{ECCAB0BC-D89D-4C4E-B0FD-DB98B035E207} = {BC2E97E3-368B-4504-A020-5A102F584D49}
		{E4AA7579-B2A6-4F2B-93EB-08D58F4157DA} = {E3A538AC-D98A-4B57-91BC-EC86E69B0CE9}
		{996EEAAB-309C-42D8-9030-2BC8C1E39A2B} = {E4AA7579-B2A6-4F2B-93EB-08D58F4157DA}
		{EAAFB353-82D5-46AB-9EFC-585C75144301} = {E3A538AC-D98A-4B57-91BC-EC86E69B0CE9}
		{99A14E70-0CBA-4E6F-A191-A43BC778C7AD} = {EAAFB353-82D5-46AB-9EFC-585C75144301}
	EndGlobalSection
EndGlobal
